
Microsoft Visual Studio Solution File, Format Version 12.00
# Visual Studio Version 17
VisualStudioVersion = 17.3.32901.215
MinimumVisualStudioVersion = 10.0.40219.1
Project("{FAE04EC0-301F-11D3-BF4B-00C04F79EFBC}") = "Strategia360.Service.Api", "Strategia360.Service.Api\Strategia360.Service.Api.csproj", "{DB457ACF-53A5-EF53-78D4-D8301BB0DCFE}"
EndProject
Global
	GlobalSection(SolutionConfigurationPlatforms) = preSolution
		Debug|Any CPU = Debug|Any CPU
		Release|Any CPU = Release|Any CPU
	EndGlobalSection
	GlobalSection(ProjectConfigurationPlatforms) = postSolution
		{DB457ACF-53A5-EF53-78D4-D8301BB0DCFE}.Debug|Any CPU.ActiveCfg = Debug|Any CPU
		{DB457ACF-53A5-EF53-78D4-D8301BB0DCFE}.Debug|Any CPU.Build.0 = Debug|Any CPU
		{DB457ACF-53A5-EF53-78D4-D8301BB0DCFE}.Release|Any CPU.ActiveCfg = Release|Any CPU
		{DB457ACF-53A5-EF53-78D4-D8301BB0DCFE}.Release|Any CPU.Build.0 = Release|Any CPU
	EndGlobalSection
	GlobalSection(SolutionProperties) = preSolution
		HideSolutionNode = FALSE
	EndGlobalSection
	GlobalSection(ExtensibilityGlobals) = postSolution
		SolutionGuid = {46285391-9941-43E2-A473-48C99514D257}
	EndGlobalSection
EndGlobal
